
Microsoft Visual Studio Solution File, Format Version 12.00
# Visual Studio 15
VisualStudioVersion = 15.0.27703.2042
MinimumVisualStudioVersion = 10.0.40219.1
Project("{9A19103F-16F7-4668-BE54-9A1E7A4F7556}") = "FD.Drupal.ConfigUtils.Lib", "FD.Drupal.ConfigUtils.Lib\FD.Drupal.ConfigUtils.Lib.csproj", "{BE3A006E-8489-490D-B4D2-8CB959611758}"
EndProject
Project("{9A19103F-16F7-4668-BE54-9A1E7A4F7556}") = "FD.Drupal.ConfigUtils.NetCore", "FD.Drupal.ConfigUtils.NetCore\FD.Drupal.ConfigUtils.NetCore.csproj", "{A106A0E8-23B5-442B-9BAB-7C0A92725E99}"
EndProject
Global
	GlobalSection(SolutionConfigurationPlatforms) = preSolution
		Debug|Any CPU = Debug|Any CPU
		Release|Any CPU = Release|Any CPU
	EndGlobalSection
	GlobalSection(ProjectConfigurationPlatforms) = postSolution
		{BE3A006E-8489-490D-B4D2-8CB959611758}.Debug|Any CPU.ActiveCfg = Debug|Any CPU
		{BE3A006E-8489-490D-B4D2-8CB959611758}.Debug|Any CPU.Build.0 = Debug|Any CPU
		{BE3A006E-8489-490D-B4D2-8CB959611758}.Release|Any CPU.ActiveCfg = Release|Any CPU
		{BE3A006E-8489-490D-B4D2-8CB959611758}.Release|Any CPU.Build.0 = Release|Any CPU
		{A106A0E8-23B5-442B-9BAB-7C0A92725E99}.Debug|Any CPU.ActiveCfg = Debug|Any CPU
		{A106A0E8-23B5-442B-9BAB-7C0A92725E99}.Debug|Any CPU.Build.0 = Debug|Any CPU
		{A106A0E8-23B5-442B-9BAB-7C0A92725E99}.Release|Any CPU.ActiveCfg = Release|Any CPU
		{A106A0E8-23B5-442B-9BAB-7C0A92725E99}.Release|Any CPU.Build.0 = Release|Any CPU
	EndGlobalSection
	GlobalSection(SolutionProperties) = preSolution
		HideSolutionNode = FALSE
	EndGlobalSection
	GlobalSection(ExtensibilityGlobals) = postSolution
		SolutionGuid = {C5B89569-317E-428F-AB39-39886D0D6016}
	EndGlobalSection
EndGlobal
